
Microsoft Visual Studio Solution File, Format Version 12.00
# Visual Studio Version 17
VisualStudioVersion = 17.5.33627.172
MinimumVisualStudioVersion = 10.0.40219.1
Project("{9A19103F-16F7-4668-BE54-9A1E7A4F7556}") = "TaskBoardApp", "TaskBoardApp\TaskBoardApp.csproj", "{305CE9CF-DA2D-435D-A02E-A592C06B1AD3}"
EndProject
Global
	GlobalSection(SolutionConfigurationPlatforms) = preSolution
		Debug|Any CPU = Debug|Any CPU
		Release|Any CPU = Release|Any CPU
	EndGlobalSection
	GlobalSection(ProjectConfigurationPlatforms) = postSolution
		{305CE9CF-DA2D-435D-A02E-A592C06B1AD3}.Debug|Any CPU.ActiveCfg = Debug|Any CPU
		{305CE9CF-DA2D-435D-A02E-A592C06B1AD3}.Debug|Any CPU.Build.0 = Debug|Any CPU
		{305CE9CF-DA2D-435D-A02E-A592C06B1AD3}.Release|Any CPU.ActiveCfg = Release|Any CPU
		{305CE9CF-DA2D-435D-A02E-A592C06B1AD3}.Release|Any CPU.Build.0 = Release|Any CPU
	EndGlobalSection
	GlobalSection(SolutionProperties) = preSolution
		HideSolutionNode = FALSE
	EndGlobalSection
	GlobalSection(ExtensibilityGlobals) = postSolution
		SolutionGuid = {CCE9D8B1-870F-4C69-9B30-0926605E7232}
	EndGlobalSection
EndGlobal
