
Microsoft Visual Studio Solution File, Format Version 12.00
# Visual Studio Version 17
VisualStudioVersion = 17.5.33627.172
MinimumVisualStudioVersion = 10.0.40219.1
Project("{FAE04EC0-301F-11D3-BF4B-00C04F79EFBC}") = "ASP.NETDatabases", "ASP.NETDatabases\ASP.NETDatabases.csproj", "{ED965BA5-6053-40E5-B8F2-808D8C7C76BB}"
EndProject
Project("{FAE04EC0-301F-11D3-BF4B-00C04F79EFBC}") = "ASP.NET.Database", "ASP.NET.Database\ASP.NET.Database.csproj", "{F8DE31DC-AE50-44E7-8C13-8BA232C6C3FA}"
EndProject
Project("{FAE04EC0-301F-11D3-BF4B-00C04F79EFBC}") = "ASP.NET.Services", "ASP.NET.Services\ASP.NET.Services.csproj", "{256C1BB6-5997-4AEE-B56E-A7593114EB5F}"
EndProject
Global
	GlobalSection(SolutionConfigurationPlatforms) = preSolution
		Debug|Any CPU = Debug|Any CPU
		Release|Any CPU = Release|Any CPU
	EndGlobalSection
	GlobalSection(ProjectConfigurationPlatforms) = postSolution
		{ED965BA5-6053-40E5-B8F2-808D8C7C76BB}.Debug|Any CPU.ActiveCfg = Debug|Any CPU
		{ED965BA5-6053-40E5-B8F2-808D8C7C76BB}.Debug|Any CPU.Build.0 = Debug|Any CPU
		{ED965BA5-6053-40E5-B8F2-808D8C7C76BB}.Release|Any CPU.ActiveCfg = Release|Any CPU
		{ED965BA5-6053-40E5-B8F2-808D8C7C76BB}.Release|Any CPU.Build.0 = Release|Any CPU
		{F8DE31DC-AE50-44E7-8C13-8BA232C6C3FA}.Debug|Any CPU.ActiveCfg = Debug|Any CPU
		{F8DE31DC-AE50-44E7-8C13-8BA232C6C3FA}.Debug|Any CPU.Build.0 = Debug|Any CPU
		{F8DE31DC-AE50-44E7-8C13-8BA232C6C3FA}.Release|Any CPU.ActiveCfg = Release|Any CPU
		{F8DE31DC-AE50-44E7-8C13-8BA232C6C3FA}.Release|Any CPU.Build.0 = Release|Any CPU
		{256C1BB6-5997-4AEE-B56E-A7593114EB5F}.Debug|Any CPU.ActiveCfg = Debug|Any CPU
		{256C1BB6-5997-4AEE-B56E-A7593114EB5F}.Debug|Any CPU.Build.0 = Debug|Any CPU
		{256C1BB6-5997-4AEE-B56E-A7593114EB5F}.Release|Any CPU.ActiveCfg = Release|Any CPU
		{256C1BB6-5997-4AEE-B56E-A7593114EB5F}.Release|Any CPU.Build.0 = Release|Any CPU
	EndGlobalSection
	GlobalSection(SolutionProperties) = preSolution
		HideSolutionNode = FALSE
	EndGlobalSection
	GlobalSection(ExtensibilityGlobals) = postSolution
		SolutionGuid = {1E09993D-C85F-4709-9010-EFAB05FE5A3B}
	EndGlobalSection
EndGlobal
