
Microsoft Visual Studio Solution File, Format Version 12.00
# Visual Studio Version 16
VisualStudioVersion = 16.0.31729.503
MinimumVisualStudioVersion = 10.0.40219.1
Project("{FAE04EC0-301F-11D3-BF4B-00C04F79EFBC}") = "Shapes", "InterfacesAndAbstraction\Shapes.csproj", "{14AE84D6-0AC3-4471-8144-F03B06F2047B}"
EndProject
Project("{FAE04EC0-301F-11D3-BF4B-00C04F79EFBC}") = "Cars", "Cars\Cars.csproj", "{38CEE0C6-C892-45F5-820B-D3737B73EAF1}"
EndProject
Global
	GlobalSection(SolutionConfigurationPlatforms) = preSolution
		Debug|Any CPU = Debug|Any CPU
		Release|Any CPU = Release|Any CPU
	EndGlobalSection
	GlobalSection(ProjectConfigurationPlatforms) = postSolution
		{14AE84D6-0AC3-4471-8144-F03B06F2047B}.Debug|Any CPU.ActiveCfg = Debug|Any CPU
		{14AE84D6-0AC3-4471-8144-F03B06F2047B}.Debug|Any CPU.Build.0 = Debug|Any CPU
		{14AE84D6-0AC3-4471-8144-F03B06F2047B}.Release|Any CPU.ActiveCfg = Release|Any CPU
		{14AE84D6-0AC3-4471-8144-F03B06F2047B}.Release|Any CPU.Build.0 = Release|Any CPU
		{38CEE0C6-C892-45F5-820B-D3737B73EAF1}.Debug|Any CPU.ActiveCfg = Debug|Any CPU
		{38CEE0C6-C892-45F5-820B-D3737B73EAF1}.Debug|Any CPU.Build.0 = Debug|Any CPU
		{38CEE0C6-C892-45F5-820B-D3737B73EAF1}.Release|Any CPU.ActiveCfg = Release|Any CPU
		{38CEE0C6-C892-45F5-820B-D3737B73EAF1}.Release|Any CPU.Build.0 = Release|Any CPU
	EndGlobalSection
	GlobalSection(SolutionProperties) = preSolution
		HideSolutionNode = FALSE
	EndGlobalSection
	GlobalSection(ExtensibilityGlobals) = postSolution
		SolutionGuid = {653369F1-63CB-48DA-81F4-55E84AD27E6B}
	EndGlobalSection
EndGlobal
