
Microsoft Visual Studio Solution File, Format Version 12.00
# Visual Studio Version 16
VisualStudioVersion = 16.0.31729.503
MinimumVisualStudioVersion = 10.0.40219.1
Project("{9A19103F-16F7-4668-BE54-9A1E7A4F7556}") = "InterfacesAndAbstractionExercise", "InterfacesAndAbstractionExercise\InterfacesAndAbstractionExercise.csproj", "{8F424370-2A52-4F5A-AE71-FDC4F73F218D}"
EndProject
Project("{9A19103F-16F7-4668-BE54-9A1E7A4F7556}") = "MultipleImplementation", "MultipleImplementation\MultipleImplementation.csproj", "{307DF131-7D8B-46D5-A429-F2432734D587}"
EndProject
Project("{9A19103F-16F7-4668-BE54-9A1E7A4F7556}") = "Telephony", "Telephony\Telephony.csproj", "{9B2EDFCD-44AE-403C-9108-E4873CF0AF27}"
EndProject
Project("{9A19103F-16F7-4668-BE54-9A1E7A4F7556}") = "BorderControl", "BorderControl\BorderControl.csproj", "{8E26E401-D2B6-4447-B8F8-EAAFB0D2DA7A}"
EndProject
Project("{9A19103F-16F7-4668-BE54-9A1E7A4F7556}") = "BirthdayCelebrations", "BirthdayCelebrations\BirthdayCelebrations.csproj", "{B1FDC60D-2478-4EF6-BEE7-42F958E09ED8}"
EndProject
Project("{9A19103F-16F7-4668-BE54-9A1E7A4F7556}") = "FoodShortage", "FoodShortage\FoodShortage.csproj", "{268068D1-242F-440F-A5C3-F2AC0E1FF302}"
EndProject
Project("{FAE04EC0-301F-11D3-BF4B-00C04F79EFBC}") = "MilitaryElite", "MilitaryElite\MilitaryElite.csproj", "{2FE0AE7F-C784-4E3C-A044-07FF4C715F26}"
EndProject
Project("{FAE04EC0-301F-11D3-BF4B-00C04F79EFBC}") = "CollectionHierarchy", "CollectionHierarchy\CollectionHierarchy.csproj", "{068CAB67-E79D-465C-B257-44DAC8B787E6}"
EndProject
Project("{FAE04EC0-301F-11D3-BF4B-00C04F79EFBC}") = "ExplicitInterfaces", "ExplicitInterfaces\ExplicitInterfaces.csproj", "{4A4F2778-D984-40D6-A850-3274DF9B9808}"
EndProject
Global
	GlobalSection(SolutionConfigurationPlatforms) = preSolution
		Debug|Any CPU = Debug|Any CPU
		Release|Any CPU = Release|Any CPU
	EndGlobalSection
	GlobalSection(ProjectConfigurationPlatforms) = postSolution
		{8F424370-2A52-4F5A-AE71-FDC4F73F218D}.Debug|Any CPU.ActiveCfg = Debug|Any CPU
		{8F424370-2A52-4F5A-AE71-FDC4F73F218D}.Debug|Any CPU.Build.0 = Debug|Any CPU
		{8F424370-2A52-4F5A-AE71-FDC4F73F218D}.Release|Any CPU.ActiveCfg = Release|Any CPU
		{8F424370-2A52-4F5A-AE71-FDC4F73F218D}.Release|Any CPU.Build.0 = Release|Any CPU
		{307DF131-7D8B-46D5-A429-F2432734D587}.Debug|Any CPU.ActiveCfg = Debug|Any CPU
		{307DF131-7D8B-46D5-A429-F2432734D587}.Debug|Any CPU.Build.0 = Debug|Any CPU
		{307DF131-7D8B-46D5-A429-F2432734D587}.Release|Any CPU.ActiveCfg = Release|Any CPU
		{307DF131-7D8B-46D5-A429-F2432734D587}.Release|Any CPU.Build.0 = Release|Any CPU
		{9B2EDFCD-44AE-403C-9108-E4873CF0AF27}.Debug|Any CPU.ActiveCfg = Debug|Any CPU
		{9B2EDFCD-44AE-403C-9108-E4873CF0AF27}.Debug|Any CPU.Build.0 = Debug|Any CPU
		{9B2EDFCD-44AE-403C-9108-E4873CF0AF27}.Release|Any CPU.ActiveCfg = Release|Any CPU
		{9B2EDFCD-44AE-403C-9108-E4873CF0AF27}.Release|Any CPU.Build.0 = Release|Any CPU
		{8E26E401-D2B6-4447-B8F8-EAAFB0D2DA7A}.Debug|Any CPU.ActiveCfg = Debug|Any CPU
		{8E26E401-D2B6-4447-B8F8-EAAFB0D2DA7A}.Debug|Any CPU.Build.0 = Debug|Any CPU
		{8E26E401-D2B6-4447-B8F8-EAAFB0D2DA7A}.Release|Any CPU.ActiveCfg = Release|Any CPU
		{8E26E401-D2B6-4447-B8F8-EAAFB0D2DA7A}.Release|Any CPU.Build.0 = Release|Any CPU
		{B1FDC60D-2478-4EF6-BEE7-42F958E09ED8}.Debug|Any CPU.ActiveCfg = Debug|Any CPU
		{B1FDC60D-2478-4EF6-BEE7-42F958E09ED8}.Debug|Any CPU.Build.0 = Debug|Any CPU
		{B1FDC60D-2478-4EF6-BEE7-42F958E09ED8}.Release|Any CPU.ActiveCfg = Release|Any CPU
		{B1FDC60D-2478-4EF6-BEE7-42F958E09ED8}.Release|Any CPU.Build.0 = Release|Any CPU
		{268068D1-242F-440F-A5C3-F2AC0E1FF302}.Debug|Any CPU.ActiveCfg = Debug|Any CPU
		{268068D1-242F-440F-A5C3-F2AC0E1FF302}.Debug|Any CPU.Build.0 = Debug|Any CPU
		{268068D1-242F-440F-A5C3-F2AC0E1FF302}.Release|Any CPU.ActiveCfg = Release|Any CPU
		{268068D1-242F-440F-A5C3-F2AC0E1FF302}.Release|Any CPU.Build.0 = Release|Any CPU
		{2FE0AE7F-C784-4E3C-A044-07FF4C715F26}.Debug|Any CPU.ActiveCfg = Debug|Any CPU
		{2FE0AE7F-C784-4E3C-A044-07FF4C715F26}.Debug|Any CPU.Build.0 = Debug|Any CPU
		{2FE0AE7F-C784-4E3C-A044-07FF4C715F26}.Release|Any CPU.ActiveCfg = Release|Any CPU
		{2FE0AE7F-C784-4E3C-A044-07FF4C715F26}.Release|Any CPU.Build.0 = Release|Any CPU
		{068CAB67-E79D-465C-B257-44DAC8B787E6}.Debug|Any CPU.ActiveCfg = Debug|Any CPU
		{068CAB67-E79D-465C-B257-44DAC8B787E6}.Debug|Any CPU.Build.0 = Debug|Any CPU
		{068CAB67-E79D-465C-B257-44DAC8B787E6}.Release|Any CPU.ActiveCfg = Release|Any CPU
		{068CAB67-E79D-465C-B257-44DAC8B787E6}.Release|Any CPU.Build.0 = Release|Any CPU
		{4A4F2778-D984-40D6-A850-3274DF9B9808}.Debug|Any CPU.ActiveCfg = Debug|Any CPU
		{4A4F2778-D984-40D6-A850-3274DF9B9808}.Debug|Any CPU.Build.0 = Debug|Any CPU
		{4A4F2778-D984-40D6-A850-3274DF9B9808}.Release|Any CPU.ActiveCfg = Release|Any CPU
		{4A4F2778-D984-40D6-A850-3274DF9B9808}.Release|Any CPU.Build.0 = Release|Any CPU
	EndGlobalSection
	GlobalSection(SolutionProperties) = preSolution
		HideSolutionNode = FALSE
	EndGlobalSection
	GlobalSection(ExtensibilityGlobals) = postSolution
		SolutionGuid = {2262FCDD-B511-4207-966B-690FB5F8879E}
	EndGlobalSection
EndGlobal
