
Microsoft Visual Studio Solution File, Format Version 12.00
# Visual Studio Version 16
VisualStudioVersion = 16.0.31729.503
MinimumVisualStudioVersion = 10.0.40219.1
Project("{9A19103F-16F7-4668-BE54-9A1E7A4F7556}") = "DefiningClasses", "..\Car\DefiningClasses.csproj", "{7DDE0BB0-22DC-4E0C-A7D3-42996B487A04}"
EndProject
Project("{9A19103F-16F7-4668-BE54-9A1E7A4F7556}") = "CarExtension", "CarExtension.csproj", "{9907AD44-6DF4-4CAE-8A53-6E3B12AD93D2}"
EndProject
Project("{9A19103F-16F7-4668-BE54-9A1E7A4F7556}") = "CarConstructors", "..\CarConstructors\CarConstructors.csproj", "{45448518-16F7-48E6-AB46-F22A183484E9}"
EndProject
Project("{9A19103F-16F7-4668-BE54-9A1E7A4F7556}") = "CarEngineAndTires", "..\CarEngineAndTires\CarEngineAndTires.csproj", "{E2CC52A2-0EB4-489B-B019-BFE99CA00FC5}"
EndProject
Project("{FAE04EC0-301F-11D3-BF4B-00C04F79EFBC}") = "SpecialCars", "..\SpecialCars\SpecialCars.csproj", "{5EBC916D-7BDB-4FAC-BDD4-B9D39B073C76}"
EndProject
Global
	GlobalSection(SolutionConfigurationPlatforms) = preSolution
		Debug|Any CPU = Debug|Any CPU
		Release|Any CPU = Release|Any CPU
	EndGlobalSection
	GlobalSection(ProjectConfigurationPlatforms) = postSolution
		{7DDE0BB0-22DC-4E0C-A7D3-42996B487A04}.Debug|Any CPU.ActiveCfg = Debug|Any CPU
		{7DDE0BB0-22DC-4E0C-A7D3-42996B487A04}.Debug|Any CPU.Build.0 = Debug|Any CPU
		{7DDE0BB0-22DC-4E0C-A7D3-42996B487A04}.Release|Any CPU.ActiveCfg = Release|Any CPU
		{7DDE0BB0-22DC-4E0C-A7D3-42996B487A04}.Release|Any CPU.Build.0 = Release|Any CPU
		{9907AD44-6DF4-4CAE-8A53-6E3B12AD93D2}.Debug|Any CPU.ActiveCfg = Debug|Any CPU
		{9907AD44-6DF4-4CAE-8A53-6E3B12AD93D2}.Debug|Any CPU.Build.0 = Debug|Any CPU
		{9907AD44-6DF4-4CAE-8A53-6E3B12AD93D2}.Release|Any CPU.ActiveCfg = Release|Any CPU
		{9907AD44-6DF4-4CAE-8A53-6E3B12AD93D2}.Release|Any CPU.Build.0 = Release|Any CPU
		{45448518-16F7-48E6-AB46-F22A183484E9}.Debug|Any CPU.ActiveCfg = Debug|Any CPU
		{45448518-16F7-48E6-AB46-F22A183484E9}.Debug|Any CPU.Build.0 = Debug|Any CPU
		{45448518-16F7-48E6-AB46-F22A183484E9}.Release|Any CPU.ActiveCfg = Release|Any CPU
		{45448518-16F7-48E6-AB46-F22A183484E9}.Release|Any CPU.Build.0 = Release|Any CPU
		{E2CC52A2-0EB4-489B-B019-BFE99CA00FC5}.Debug|Any CPU.ActiveCfg = Debug|Any CPU
		{E2CC52A2-0EB4-489B-B019-BFE99CA00FC5}.Debug|Any CPU.Build.0 = Debug|Any CPU
		{E2CC52A2-0EB4-489B-B019-BFE99CA00FC5}.Release|Any CPU.ActiveCfg = Release|Any CPU
		{E2CC52A2-0EB4-489B-B019-BFE99CA00FC5}.Release|Any CPU.Build.0 = Release|Any CPU
		{5EBC916D-7BDB-4FAC-BDD4-B9D39B073C76}.Debug|Any CPU.ActiveCfg = Debug|Any CPU
		{5EBC916D-7BDB-4FAC-BDD4-B9D39B073C76}.Debug|Any CPU.Build.0 = Debug|Any CPU
		{5EBC916D-7BDB-4FAC-BDD4-B9D39B073C76}.Release|Any CPU.ActiveCfg = Release|Any CPU
		{5EBC916D-7BDB-4FAC-BDD4-B9D39B073C76}.Release|Any CPU.Build.0 = Release|Any CPU
	EndGlobalSection
	GlobalSection(SolutionProperties) = preSolution
		HideSolutionNode = FALSE
	EndGlobalSection
	GlobalSection(ExtensibilityGlobals) = postSolution
		SolutionGuid = {D1A7DF21-4AD9-47EB-87F3-1331D090A200}
	EndGlobalSection
EndGlobal
